// !$*UTF8*$!
{
	archiveVersion = 1;
	classes = {
	};
	objectVersion = 50;
	objects = {

/* Begin PBXBuildFile section */
		001AA40921BBC77500931D75 /* Assets.xcassets in Resources */ = {isa = PBXBuildFile; fileRef = 001AA40821BBC77500931D75 /* Assets.xcassets */; };
		0027349421C53BC800AC5A76 /* steelfish rg.ttf in Resources */ = {isa = PBXBuildFile; fileRef = 0027349321C53BA900AC5A76 /* steelfish rg.ttf */; };
		003B131021C54DEA0024092F /* RegisterVC.swift in Sources */ = {isa = PBXBuildFile; fileRef = 003B130F21C54DEA0024092F /* RegisterVC.swift */; };
		0095A1B021C5760D00B53703 /* CurrentEventsVC.swift in Sources */ = {isa = PBXBuildFile; fileRef = 0095A1AF21C5760D00B53703 /* CurrentEventsVC.swift */; };
		00C6219A21B5CA9E00BB0CB1 /* AppDelegate.swift in Sources */ = {isa = PBXBuildFile; fileRef = 00C6219921B5CA9E00BB0CB1 /* AppDelegate.swift */; };
		00C6219C21B5CA9F00BB0CB1 /* LoginVC.swift in Sources */ = {isa = PBXBuildFile; fileRef = 00C6219B21B5CA9F00BB0CB1 /* LoginVC.swift */; };
		00C6219F21B5CA9F00BB0CB1 /* Main.storyboard in Resources */ = {isa = PBXBuildFile; fileRef = 00C6219D21B5CA9F00BB0CB1 /* Main.storyboard */; };
		00C621A421B5CA9F00BB0CB1 /* LaunchScreen.storyboard in Resources */ = {isa = PBXBuildFile; fileRef = 00C621A221B5CA9F00BB0CB1 /* LaunchScreen.storyboard */; };
		00C621AF21B5CA9F00BB0CB1 /* MockupTests.swift in Sources */ = {isa = PBXBuildFile; fileRef = 00C621AE21B5CA9F00BB0CB1 /* MockupTests.swift */; };
		00C621BA21B5CA9F00BB0CB1 /* MockupUITests.swift in Sources */ = {isa = PBXBuildFile; fileRef = 00C621B921B5CA9F00BB0CB1 /* MockupUITests.swift */; };
/* End PBXBuildFile section */

/* Begin PBXContainerItemProxy section */
		00C621AB21B5CA9F00BB0CB1 /* PBXContainerItemProxy */ = {
			isa = PBXContainerItemProxy;
			containerPortal = 00C6218E21B5CA9E00BB0CB1 /* Project object */;
			proxyType = 1;
			remoteGlobalIDString = 00C6219521B5CA9E00BB0CB1;
			remoteInfo = Mockup;
		};
		00C621B621B5CA9F00BB0CB1 /* PBXContainerItemProxy */ = {
			isa = PBXContainerItemProxy;
			containerPortal = 00C6218E21B5CA9E00BB0CB1 /* Project object */;
			proxyType = 1;
			remoteGlobalIDString = 00C6219521B5CA9E00BB0CB1;
			remoteInfo = Mockup;
		};
/* End PBXContainerItemProxy section */

/* Begin PBXFileReference section */
		001AA40821BBC77500931D75 /* Assets.xcassets */ = {isa = PBXFileReference; lastKnownFileType = folder.assetcatalog; name = Assets.xcassets; path = ../../../../.Trash/Assets.xcassets; sourceTree = "<group>"; };
		0027349321C53BA900AC5A76 /* steelfish rg.ttf */ = {isa = PBXFileReference; lastKnownFileType = file; path = "steelfish rg.ttf"; sourceTree = "<group>"; };
		003B130F21C54DEA0024092F /* RegisterVC.swift */ = {isa = PBXFileReference; lastKnownFileType = sourcecode.swift; path = RegisterVC.swift; sourceTree = "<group>"; };
		0095A1AF21C5760D00B53703 /* CurrentEventsVC.swift */ = {isa = PBXFileReference; lastKnownFileType = sourcecode.swift; path = CurrentEventsVC.swift; sourceTree = "<group>"; };
		00C6219621B5CA9E00BB0CB1 /* Mockup.app */ = {isa = PBXFileReference; explicitFileType = wrapper.application; includeInIndex = 0; path = Mockup.app; sourceTree = BUILT_PRODUCTS_DIR; };
		00C6219921B5CA9E00BB0CB1 /* AppDelegate.swift */ = {isa = PBXFileReference; lastKnownFileType = sourcecode.swift; path = AppDelegate.swift; sourceTree = "<group>"; };
		00C6219B21B5CA9F00BB0CB1 /* LoginVC.swift */ = {isa = PBXFileReference; lastKnownFileType = sourcecode.swift; path = LoginVC.swift; sourceTree = "<group>"; };
		00C6219E21B5CA9F00BB0CB1 /* Base */ = {isa = PBXFileReference; lastKnownFileType = file.storyboard; name = Base; path = Base.lproj/Main.storyboard; sourceTree = "<group>"; };
		00C621A321B5CA9F00BB0CB1 /* Base */ = {isa = PBXFileReference; lastKnownFileType = file.storyboard; name = Base; path = Base.lproj/LaunchScreen.storyboard; sourceTree = "<group>"; };
		00C621A521B5CA9F00BB0CB1 /* Info.plist */ = {isa = PBXFileReference; lastKnownFileType = text.plist.xml; path = Info.plist; sourceTree = "<group>"; };
		00C621AA21B5CA9F00BB0CB1 /* MockupTests.xctest */ = {isa = PBXFileReference; explicitFileType = wrapper.cfbundle; includeInIndex = 0; path = MockupTests.xctest; sourceTree = BUILT_PRODUCTS_DIR; };
		00C621AE21B5CA9F00BB0CB1 /* MockupTests.swift */ = {isa = PBXFileReference; lastKnownFileType = sourcecode.swift; path = MockupTests.swift; sourceTree = "<group>"; };
		00C621B021B5CA9F00BB0CB1 /* Info.plist */ = {isa = PBXFileReference; lastKnownFileType = text.plist.xml; path = Info.plist; sourceTree = "<group>"; };
		00C621B521B5CA9F00BB0CB1 /* MockupUITests.xctest */ = {isa = PBXFileReference; explicitFileType = wrapper.cfbundle; includeInIndex = 0; path = MockupUITests.xctest; sourceTree = BUILT_PRODUCTS_DIR; };
		00C621B921B5CA9F00BB0CB1 /* MockupUITests.swift */ = {isa = PBXFileReference; lastKnownFileType = sourcecode.swift; path = MockupUITests.swift; sourceTree = "<group>"; };
		00C621BB21B5CAA000BB0CB1 /* Info.plist */ = {isa = PBXFileReference; lastKnownFileType = text.plist.xml; path = Info.plist; sourceTree = "<group>"; };
/* End PBXFileReference section */

/* Begin PBXFrameworksBuildPhase section */
		00C6219321B5CA9E00BB0CB1 /* Frameworks */ = {
			isa = PBXFrameworksBuildPhase;
			buildActionMask = 2147483647;
			files = (
			);
			runOnlyForDeploymentPostprocessing = 0;
		};
		00C621A721B5CA9F00BB0CB1 /* Frameworks */ = {
			isa = PBXFrameworksBuildPhase;
			buildActionMask = 2147483647;
			files = (
			);
			runOnlyForDeploymentPostprocessing = 0;
		};
		00C621B221B5CA9F00BB0CB1 /* Frameworks */ = {
			isa = PBXFrameworksBuildPhase;
			buildActionMask = 2147483647;
			files = (
			);
			runOnlyForDeploymentPostprocessing = 0;
		};
/* End PBXFrameworksBuildPhase section */

/* Begin PBXGroup section */
		0027349221C53BA300AC5A76 /* Fonts */ = {
			isa = PBXGroup;
			children = (
				0027349321C53BA900AC5A76 /* steelfish rg.ttf */,
			);
			path = Fonts;
			sourceTree = "<group>";
		};
		00C6218D21B5CA9E00BB0CB1 = {
			isa = PBXGroup;
			children = (
				00C6219821B5CA9E00BB0CB1 /* Mockup */,
				00C621AD21B5CA9F00BB0CB1 /* MockupTests */,
				00C621B821B5CA9F00BB0CB1 /* MockupUITests */,
				00C6219721B5CA9E00BB0CB1 /* Products */,
			);
			sourceTree = "<group>";
		};
		00C6219721B5CA9E00BB0CB1 /* Products */ = {
			isa = PBXGroup;
			children = (
				00C6219621B5CA9E00BB0CB1 /* Mockup.app */,
				00C621AA21B5CA9F00BB0CB1 /* MockupTests.xctest */,
				00C621B521B5CA9F00BB0CB1 /* MockupUITests.xctest */,
			);
			name = Products;
			sourceTree = "<group>";
		};
		00C6219821B5CA9E00BB0CB1 /* Mockup */ = {
			isa = PBXGroup;
			children = (
				00C6219921B5CA9E00BB0CB1 /* AppDelegate.swift */,
				00C6219B21B5CA9F00BB0CB1 /* LoginVC.swift */,
				003B130F21C54DEA0024092F /* RegisterVC.swift */,
				0095A1AF21C5760D00B53703 /* CurrentEventsVC.swift */,
				00C6219D21B5CA9F00BB0CB1 /* Main.storyboard */,
				00C621A221B5CA9F00BB0CB1 /* LaunchScreen.storyboard */,
				00C621A521B5CA9F00BB0CB1 /* Info.plist */,
				001AA40821BBC77500931D75 /* Assets.xcassets */,
				0027349221C53BA300AC5A76 /* Fonts */,
			);
			path = Mockup;
			sourceTree = "<group>";
		};
		00C621AD21B5CA9F00BB0CB1 /* MockupTests */ = {
			isa = PBXGroup;
			children = (
				00C621AE21B5CA9F00BB0CB1 /* MockupTests.swift */,
				00C621B021B5CA9F00BB0CB1 /* Info.plist */,
			);
			path = MockupTests;
			sourceTree = "<group>";
		};
		00C621B821B5CA9F00BB0CB1 /* MockupUITests */ = {
			isa = PBXGroup;
			children = (
				00C621B921B5CA9F00BB0CB1 /* MockupUITests.swift */,
				00C621BB21B5CAA000BB0CB1 /* Info.plist */,
			);
			path = MockupUITests;
			sourceTree = "<group>";
		};
/* End PBXGroup section */

/* Begin PBXNativeTarget section */
		00C6219521B5CA9E00BB0CB1 /* Mockup */ = {
			isa = PBXNativeTarget;
			buildConfigurationList = 00C621BE21B5CAA000BB0CB1 /* Build configuration list for PBXNativeTarget "Mockup" */;
			buildPhases = (
				00C6219221B5CA9E00BB0CB1 /* Sources */,
				00C6219321B5CA9E00BB0CB1 /* Frameworks */,
				00C6219421B5CA9E00BB0CB1 /* Resources */,
			);
			buildRules = (
			);
			dependencies = (
			);
			name = Mockup;
			productName = Mockup;
			productReference = 00C6219621B5CA9E00BB0CB1 /* Mockup.app */;
			productType = "com.apple.product-type.application";
		};
		00C621A921B5CA9F00BB0CB1 /* MockupTests */ = {
			isa = PBXNativeTarget;
			buildConfigurationList = 00C621C121B5CAA000BB0CB1 /* Build configuration list for PBXNativeTarget "MockupTests" */;
			buildPhases = (
				00C621A621B5CA9F00BB0CB1 /* Sources */,
				00C621A721B5CA9F00BB0CB1 /* Frameworks */,
				00C621A821B5CA9F00BB0CB1 /* Resources */,
			);
			buildRules = (
			);
			dependencies = (
				00C621AC21B5CA9F00BB0CB1 /* PBXTargetDependency */,
			);
			name = MockupTests;
			productName = MockupTests;
			productReference = 00C621AA21B5CA9F00BB0CB1 /* MockupTests.xctest */;
			productType = "com.apple.product-type.bundle.unit-test";
		};
		00C621B421B5CA9F00BB0CB1 /* MockupUITests */ = {
			isa = PBXNativeTarget;
			buildConfigurationList = 00C621C421B5CAA000BB0CB1 /* Build configuration list for PBXNativeTarget "MockupUITests" */;
			buildPhases = (
				00C621B121B5CA9F00BB0CB1 /* Sources */,
				00C621B221B5CA9F00BB0CB1 /* Frameworks */,
				00C621B321B5CA9F00BB0CB1 /* Resources */,
			);
			buildRules = (
			);
			dependencies = (
				00C621B721B5CA9F00BB0CB1 /* PBXTargetDependency */,
			);
			name = MockupUITests;
			productName = MockupUITests;
			productReference = 00C621B521B5CA9F00BB0CB1 /* MockupUITests.xctest */;
			productType = "com.apple.product-type.bundle.ui-testing";
		};
/* End PBXNativeTarget section */

/* Begin PBXProject section */
		00C6218E21B5CA9E00BB0CB1 /* Project object */ = {
			isa = PBXProject;
			attributes = {
				LastSwiftUpdateCheck = 1010;
				LastUpgradeCheck = 1010;
				ORGANIZATIONNAME = "Quentin Duquesne";
				TargetAttributes = {
					00C6219521B5CA9E00BB0CB1 = {
						CreatedOnToolsVersion = 10.1;
					};
					00C621A921B5CA9F00BB0CB1 = {
						CreatedOnToolsVersion = 10.1;
						TestTargetID = 00C6219521B5CA9E00BB0CB1;
					};
					00C621B421B5CA9F00BB0CB1 = {
						CreatedOnToolsVersion = 10.1;
						TestTargetID = 00C6219521B5CA9E00BB0CB1;
					};
				};
			};
			buildConfigurationList = 00C6219121B5CA9E00BB0CB1 /* Build configuration list for PBXProject "Mockup" */;
			compatibilityVersion = "Xcode 9.3";
			developmentRegion = en;
			hasScannedForEncodings = 0;
			knownRegions = (
				en,
				Base,
			);
			mainGroup = 00C6218D21B5CA9E00BB0CB1;
			productRefGroup = 00C6219721B5CA9E00BB0CB1 /* Products */;
			projectDirPath = "";
			projectRoot = "";
			targets = (
				00C6219521B5CA9E00BB0CB1 /* Mockup */,
				00C621A921B5CA9F00BB0CB1 /* MockupTests */,
				00C621B421B5CA9F00BB0CB1 /* MockupUITests */,
			);
		};
/* End PBXProject section */

/* Begin PBXResourcesBuildPhase section */
		00C6219421B5CA9E00BB0CB1 /* Resources */ = {
			isa = PBXResourcesBuildPhase;
			buildActionMask = 2147483647;
			files = (
				0027349421C53BC800AC5A76 /* steelfish rg.ttf in Resources */,
				00C621A421B5CA9F00BB0CB1 /* LaunchScreen.storyboard in Resources */,
				001AA40921BBC77500931D75 /* Assets.xcassets in Resources */,
				00C6219F21B5CA9F00BB0CB1 /* Main.storyboard in Resources */,
			);
			runOnlyForDeploymentPostprocessing = 0;
		};
		00C621A821B5CA9F00BB0CB1 /* Resources */ = {
			isa = PBXResourcesBuildPhase;
			buildActionMask = 2147483647;
			files = (
			);
			runOnlyForDeploymentPostprocessing = 0;
		};
		00C621B321B5CA9F00BB0CB1 /* Resources */ = {
			isa = PBXResourcesBuildPhase;
			buildActionMask = 2147483647;
			files = (
			);
			runOnlyForDeploymentPostprocessing = 0;
		};
/* End PBXResourcesBuildPhase section */

/* Begin PBXSourcesBuildPhase section */
		00C6219221B5CA9E00BB0CB1 /* Sources */ = {
			isa = PBXSourcesBuildPhase;
			buildActionMask = 2147483647;
			files = (
				003B131021C54DEA0024092F /* RegisterVC.swift in Sources */,
				0095A1B021C5760D00B53703 /* CurrentEventsVC.swift in Sources */,
				00C6219C21B5CA9F00BB0CB1 /* LoginVC.swift in Sources */,
				00C6219A21B5CA9E00BB0CB1 /* AppDelegate.swift in Sources */,
			);
			runOnlyForDeploymentPostprocessing = 0;
		};
		00C621A621B5CA9F00BB0CB1 /* Sources */ = {
			isa = PBXSourcesBuildPhase;
			buildActionMask = 2147483647;
			files = (
				00C621AF21B5CA9F00BB0CB1 /* MockupTests.swift in Sources */,
			);
			runOnlyForDeploymentPostprocessing = 0;
		};
		00C621B121B5CA9F00BB0CB1 /* Sources */ = {
			isa = PBXSourcesBuildPhase;
			buildActionMask = 2147483647;
			files = (
				00C621BA21B5CA9F00BB0CB1 /* MockupUITests.swift in Sources */,
			);
			runOnlyForDeploymentPostprocessing = 0;
		};
/* End PBXSourcesBuildPhase section */

/* Begin PBXTargetDependency section */
		00C621AC21B5CA9F00BB0CB1 /* PBXTargetDependency */ = {
			isa = PBXTargetDependency;
			target = 00C6219521B5CA9E00BB0CB1 /* Mockup */;
			targetProxy = 00C621AB21B5CA9F00BB0CB1 /* PBXContainerItemProxy */;
		};
		00C621B721B5CA9F00BB0CB1 /* PBXTargetDependency */ = {
			isa = PBXTargetDependency;
			target = 00C6219521B5CA9E00BB0CB1 /* Mockup */;
			targetProxy = 00C621B621B5CA9F00BB0CB1 /* PBXContainerItemProxy */;
		};
/* End PBXTargetDependency section */

/* Begin PBXVariantGroup section */
		00C6219D21B5CA9F00BB0CB1 /* Main.storyboard */ = {
			isa = PBXVariantGroup;
			children = (
				00C6219E21B5CA9F00BB0CB1 /* Base */,
			);
			name = Main.storyboard;
			sourceTree = "<group>";
		};
		00C621A221B5CA9F00BB0CB1 /* LaunchScreen.storyboard */ = {
			isa = PBXVariantGroup;
			children = (
				00C621A321B5CA9F00BB0CB1 /* Base */,
			);
			name = LaunchScreen.storyboard;
			sourceTree = "<group>";
		};
/* End PBXVariantGroup section */

/* Begin XCBuildConfiguration section */
		00C621BC21B5CAA000BB0CB1 /* Debug */ = {
			isa = XCBuildConfiguration;
			buildSettings = {
				ALWAYS_SEARCH_USER_PATHS = NO;
				CLANG_ANALYZER_NONNULL = YES;
				CLANG_ANALYZER_NUMBER_OBJECT_CONVERSION = YES_AGGRESSIVE;
				CLANG_CXX_LANGUAGE_STANDARD = "gnu++14";
				CLANG_CXX_LIBRARY = "libc++";
				CLANG_ENABLE_MODULES = YES;
				CLANG_ENABLE_OBJC_ARC = YES;
				CLANG_ENABLE_OBJC_WEAK = YES;
				CLANG_WARN_BLOCK_CAPTURE_AUTORELEASING = YES;
				CLANG_WARN_BOOL_CONVERSION = YES;
				CLANG_WARN_COMMA = YES;
				CLANG_WARN_CONSTANT_CONVERSION = YES;
				CLANG_WARN_DEPRECATED_OBJC_IMPLEMENTATIONS = YES;
				CLANG_WARN_DIRECT_OBJC_ISA_USAGE = YES_ERROR;
				CLANG_WARN_DOCUMENTATION_COMMENTS = YES;
				CLANG_WARN_EMPTY_BODY = YES;
				CLANG_WARN_ENUM_CONVERSION = YES;
				CLANG_WARN_INFINITE_RECURSION = YES;
				CLANG_WARN_INT_CONVERSION = YES;
				CLANG_WARN_NON_LITERAL_NULL_CONVERSION = YES;
				CLANG_WARN_OBJC_IMPLICIT_RETAIN_SELF = YES;
				CLANG_WARN_OBJC_LITERAL_CONVERSION = YES;
				CLANG_WARN_OBJC_ROOT_CLASS = YES_ERROR;
				CLANG_WARN_RANGE_LOOP_ANALYSIS = YES;
				CLANG_WARN_STRICT_PROTOTYPES = YES;
				CLANG_WARN_SUSPICIOUS_MOVE = YES;
				CLANG_WARN_UNGUARDED_AVAILABILITY = YES_AGGRESSIVE;
				CLANG_WARN_UNREACHABLE_CODE = YES;
				CLANG_WARN__DUPLICATE_METHOD_MATCH = YES;
				CODE_SIGN_IDENTITY = "iPhone Developer";
				COPY_PHASE_STRIP = NO;
				DEBUG_INFORMATION_FORMAT = dwarf;
				ENABLE_STRICT_OBJC_MSGSEND = YES;
				ENABLE_TESTABILITY = YES;
				GCC_C_LANGUAGE_STANDARD = gnu11;
				GCC_DYNAMIC_NO_PIC = NO;
				GCC_NO_COMMON_BLOCKS = YES;
				GCC_OPTIMIZATION_LEVEL = 0;
				GCC_PREPROCESSOR_DEFINITIONS = (
					"DEBUG=1",
					"$(inherited)",
				);
				GCC_WARN_64_TO_32_BIT_CONVERSION = YES;
				GCC_WARN_ABOUT_RETURN_TYPE = YES_ERROR;
				GCC_WARN_UNDECLARED_SELECTOR = YES;
				GCC_WARN_UNINITIALIZED_AUTOS = YES_AGGRESSIVE;
				GCC_WARN_UNUSED_FUNCTION = YES;
				GCC_WARN_UNUSED_VARIABLE = YES;
				IPHONEOS_DEPLOYMENT_TARGET = 12.1;
				MTL_ENABLE_DEBUG_INFO = INCLUDE_SOURCE;
				MTL_FAST_MATH = YES;
				ONLY_ACTIVE_ARCH = YES;
				SDKROOT = iphoneos;
				SWIFT_ACTIVE_COMPILATION_CONDITIONS = DEBUG;
				SWIFT_OPTIMIZATION_LEVEL = "-Onone";
			};
			name = Debug;
		};
		00C621BD21B5CAA000BB0CB1 /* Release */ = {
			isa = XCBuildConfiguration;
			buildSettings = {
				ALWAYS_SEARCH_USER_PATHS = NO;
				CLANG_ANALYZER_NONNULL = YES;
				CLANG_ANALYZER_NUMBER_OBJECT_CONVERSION = YES_AGGRESSIVE;
				CLANG_CXX_LANGUAGE_STANDARD = "gnu++14";
				CLANG_CXX_LIBRARY = "libc++";
				CLANG_ENABLE_MODULES = YES;
				CLANG_ENABLE_OBJC_ARC = YES;
				CLANG_ENABLE_OBJC_WEAK = YES;
				CLANG_WARN_BLOCK_CAPTURE_AUTORELEASING = YES;
				CLANG_WARN_BOOL_CONVERSION = YES;
				CLANG_WARN_COMMA = YES;
				CLANG_WARN_CONSTANT_CONVERSION = YES;
				CLANG_WARN_DEPRECATED_OBJC_IMPLEMENTATIONS = YES;
				CLANG_WARN_DIRECT_OBJC_ISA_USAGE = YES_ERROR;
				CLANG_WARN_DOCUMENTATION_COMMENTS = YES;
				CLANG_WARN_EMPTY_BODY = YES;
				CLANG_WARN_ENUM_CONVERSION = YES;
				CLANG_WARN_INFINITE_RECURSION = YES;
				CLANG_WARN_INT_CONVERSION = YES;
				CLANG_WARN_NON_LITERAL_NULL_CONVERSION = YES;
				CLANG_WARN_OBJC_IMPLICIT_RETAIN_SELF = YES;
				CLANG_WARN_OBJC_LITERAL_CONVERSION = YES;
				CLANG_WARN_OBJC_ROOT_CLASS = YES_ERROR;
				CLANG_WARN_RANGE_LOOP_ANALYSIS = YES;
				CLANG_WARN_STRICT_PROTOTYPES = YES;
				CLANG_WARN_SUSPICIOUS_MOVE = YES;
				CLANG_WARN_UNGUARDED_AVAILABILITY = YES_AGGRESSIVE;
				CLANG_WARN_UNREACHABLE_CODE = YES;
				CLANG_WARN__DUPLICATE_METHOD_MATCH = YES;
				CODE_SIGN_IDENTITY = "iPhone Developer";
				COPY_PHASE_STRIP = NO;
				DEBUG_INFORMATION_FORMAT = "dwarf-with-dsym";
				ENABLE_NS_ASSERTIONS = NO;
				ENABLE_STRICT_OBJC_MSGSEND = YES;
				GCC_C_LANGUAGE_STANDARD = gnu11;
				GCC_NO_COMMON_BLOCKS = YES;
				GCC_WARN_64_TO_32_BIT_CONVERSION = YES;
				GCC_WARN_ABOUT_RETURN_TYPE = YES_ERROR;
				GCC_WARN_UNDECLARED_SELECTOR = YES;
				GCC_WARN_UNINITIALIZED_AUTOS = YES_AGGRESSIVE;
				GCC_WARN_UNUSED_FUNCTION = YES;
				GCC_WARN_UNUSED_VARIABLE = YES;
				IPHONEOS_DEPLOYMENT_TARGET = 12.1;
				MTL_ENABLE_DEBUG_INFO = NO;
				MTL_FAST_MATH = YES;
				SDKROOT = iphoneos;
				SWIFT_COMPILATION_MODE = wholemodule;
				SWIFT_OPTIMIZATION_LEVEL = "-O";
				VALIDATE_PRODUCT = YES;
			};
			name = Release;
		};
		00C621BF21B5CAA000BB0CB1 /* Debug */ = {
			isa = XCBuildConfiguration;
			buildSettings = {
				ASSETCATALOG_COMPILER_APPICON_NAME = AppIcon;
				CODE_SIGN_STYLE = Automatic;
				DEVELOPMENT_TEAM = 967N6AN524;
				INFOPLIST_FILE = Mockup/Info.plist;
				LD_RUNPATH_SEARCH_PATHS = (
					"$(inherited)",
					"@executable_path/Frameworks",
				);
				PRODUCT_BUNDLE_IDENTIFIER = SF1000.Mockup;
				PRODUCT_NAME = "$(TARGET_NAME)";
				SWIFT_VERSION = 4.2;
				TARGETED_DEVICE_FAMILY = "1,2";
			};
			name = Debug;
		};
		00C621C021B5CAA000BB0CB1 /* Release */ = {
			isa = XCBuildConfiguration;
			buildSettings = {
				ASSETCATALOG_COMPILER_APPICON_NAME = AppIcon;
				CODE_SIGN_STYLE = Automatic;
				DEVELOPMENT_TEAM = 967N6AN524;
				INFOPLIST_FILE = Mockup/Info.plist;
				LD_RUNPATH_SEARCH_PATHS = (
					"$(inherited)",
					"@executable_path/Frameworks",
				);
				PRODUCT_BUNDLE_IDENTIFIER = SF1000.Mockup;
				PRODUCT_NAME = "$(TARGET_NAME)";
				SWIFT_VERSION = 4.2;
				TARGETED_DEVICE_FAMILY = "1,2";
			};
			name = Release;
		};
		00C621C221B5CAA000BB0CB1 /* Debug */ = {
			isa = XCBuildConfiguration;
			buildSettings = {
				ALWAYS_EMBED_SWIFT_STANDARD_LIBRARIES = YES;
				BUNDLE_LOADER = "$(TEST_HOST)";
				CODE_SIGN_STYLE = Automatic;
				DEVELOPMENT_TEAM = 967N6AN524;
				INFOPLIST_FILE = MockupTests/Info.plist;
				LD_RUNPATH_SEARCH_PATHS = (
					"$(inherited)",
					"@executable_path/Frameworks",
					"@loader_path/Frameworks",
				);
				PRODUCT_BUNDLE_IDENTIFIER = SF1000.MockupTests;
				PRODUCT_NAME = "$(TARGET_NAME)";
				SWIFT_VERSION = 4.2;
				TARGETED_DEVICE_FAMILY = "1,2";
				TEST_HOST = "$(BUILT_PRODUCTS_DIR)/Mockup.app/Mockup";
			};
			name = Debug;
		};
		00C621C321B5CAA000BB0CB1 /* Release */ = {
			isa = XCBuildConfiguration;
			buildSettings = {
				ALWAYS_EMBED_SWIFT_STANDARD_LIBRARIES = YES;
				BUNDLE_LOADER = "$(TEST_HOST)";
				CODE_SIGN_STYLE = Automatic;
				DEVELOPMENT_TEAM = 967N6AN524;
				INFOPLIST_FILE = MockupTests/Info.plist;
				LD_RUNPATH_SEARCH_PATHS = (
					"$(inherited)",
					"@executable_path/Frameworks",
					"@loader_path/Frameworks",
				);
				PRODUCT_BUNDLE_IDENTIFIER = SF1000.MockupTests;
				PRODUCT_NAME = "$(TARGET_NAME)";
				SWIFT_VERSION = 4.2;
				TARGETED_DEVICE_FAMILY = "1,2";
				TEST_HOST = "$(BUILT_PRODUCTS_DIR)/Mockup.app/Mockup";
			};
			name = Release;
		};
		00C621C521B5CAA000BB0CB1 /* Debug */ = {
			isa = XCBuildConfiguration;
			buildSettings = {
				ALWAYS_EMBED_SWIFT_STANDARD_LIBRARIES = YES;
				CODE_SIGN_STYLE = Automatic;
				DEVELOPMENT_TEAM = 967N6AN524;
				INFOPLIST_FILE = MockupUITests/Info.plist;
				LD_RUNPATH_SEARCH_PATHS = (
					"$(inherited)",
					"@executable_path/Frameworks",
					"@loader_path/Frameworks",
				);
				PRODUCT_BUNDLE_IDENTIFIER = SF1000.MockupUITests;
				PRODUCT_NAME = "$(TARGET_NAME)";
				SWIFT_VERSION = 4.2;
				TARGETED_DEVICE_FAMILY = "1,2";
				TEST_TARGET_NAME = Mockup;
			};
			name = Debug;
		};
		00C621C621B5CAA000BB0CB1 /* Release */ = {
			isa = XCBuildConfiguration;
			buildSettings = {
				ALWAYS_EMBED_SWIFT_STANDARD_LIBRARIES = YES;
				CODE_SIGN_STYLE = Automatic;
				DEVELOPMENT_TEAM = 967N6AN524;
				INFOPLIST_FILE = MockupUITests/Info.plist;
				LD_RUNPATH_SEARCH_PATHS = (
					"$(inherited)",
					"@executable_path/Frameworks",
					"@loader_path/Frameworks",
				);
				PRODUCT_BUNDLE_IDENTIFIER = SF1000.MockupUITests;
				PRODUCT_NAME = "$(TARGET_NAME)";
				SWIFT_VERSION = 4.2;
				TARGETED_DEVICE_FAMILY = "1,2";
				TEST_TARGET_NAME = Mockup;
			};
			name = Release;
		};
/* End XCBuildConfiguration section */

/* Begin XCConfigurationList section */
		00C6219121B5CA9E00BB0CB1 /* Build configuration list for PBXProject "Mockup" */ = {
			isa = XCConfigurationList;
			buildConfigurations = (
				00C621BC21B5CAA000BB0CB1 /* Debug */,
				00C621BD21B5CAA000BB0CB1 /* Release */,
			);
			defaultConfigurationIsVisible = 0;
			defaultConfigurationName = Release;
		};
		00C621BE21B5CAA000BB0CB1 /* Build configuration list for PBXNativeTarget "Mockup" */ = {
			isa = XCConfigurationList;
			buildConfigurations = (
				00C621BF21B5CAA000BB0CB1 /* Debug */,
				00C621C021B5CAA000BB0CB1 /* Release */,
			);
			defaultConfigurationIsVisible = 0;
			defaultConfigurationName = Release;
		};
		00C621C121B5CAA000BB0CB1 /* Build configuration list for PBXNativeTarget "MockupTests" */ = {
			isa = XCConfigurationList;
			buildConfigurations = (
				00C621C221B5CAA000BB0CB1 /* Debug */,
				00C621C321B5CAA000BB0CB1 /* Release */,
			);
			defaultConfigurationIsVisible = 0;
			defaultConfigurationName = Release;
		};
		00C621C421B5CAA000BB0CB1 /* Build configuration list for PBXNativeTarget "MockupUITests" */ = {
			isa = XCConfigurationList;
			buildConfigurations = (
				00C621C521B5CAA000BB0CB1 /* Debug */,
				00C621C621B5CAA000BB0CB1 /* Release */,
			);
			defaultConfigurationIsVisible = 0;
			defaultConfigurationName = Release;
		};
/* End XCConfigurationList section */
	};
	rootObject = 00C6218E21B5CA9E00BB0CB1 /* Project object */;
}
